
Microsoft Visual Studio Solution File, Format Version 12.00
# Visual Studio 2013
VisualStudioVersion = 12.0.40629.0
MinimumVisualStudioVersion = 10.0.40219.1
Project("{FAE04EC0-301F-11D3-BF4B-00C04F79EFBC}") = "CommomConcepts", "+ Examples\CommomConcepts\CommomConcepts.csproj", "{93935D55-D271-4C01-861B-82B74223A407}"
EndProject
Project("{2150E333-8FDC-42A3-9474-1A3956D46DE8}") = "Examples", "Examples", "{11B4BBFA-7A29-424B-8068-B33E57CC123E}"
EndProject
Project("{2150E333-8FDC-42A3-9474-1A3956D46DE8}") = "Getting Ready", "Getting Ready", "{0D2C9FC8-6E1A-48ED-A24B-1B67529DB486}"
EndProject
Project("{FAE04EC0-301F-11D3-BF4B-00C04F79EFBC}") = "PuttingInContext", "Getting Ready\PuttingInContext\PuttingInContext.csproj", "{A4F2089F-BBB8-4D2A-AF71-5EB3A6AFAC78}"
EndProject
Project("{FAE04EC0-301F-11D3-BF4B-00C04F79EFBC}") = "HtmlPrimer", "Getting Ready\HtmlPrimer\HtmlPrimer.csproj", "{6BB2752F-0D6F-4662-9A6A-1B1C2A9C81DC}"
EndProject
Project("{FAE04EC0-301F-11D3-BF4B-00C04F79EFBC}") = "CssPrimer", "Getting Ready\CssPrimer\CssPrimer.csproj", "{74FAE5B4-0EB6-431D-94BC-235D721B2DB4}"
EndProject
Project("{FAE04EC0-301F-11D3-BF4B-00C04F79EFBC}") = "JavaScriptPrimer", "Getting Ready\JavaScriptPrimer\JavaScriptPrimer.csproj", "{3737AB14-DA8B-454A-8F9E-E418E921A189}"
EndProject
Project("{2150E333-8FDC-42A3-9474-1A3956D46DE8}") = "Working With jQuery", "Working With jQuery", "{36CC6C12-232A-4A83-89F5-2C4ADA5C11EF}"
EndProject
Project("{FAE04EC0-301F-11D3-BF4B-00C04F79EFBC}") = "jQueryBasics", "Working With jQuery\jQueryBasics\jQueryBasics.csproj", "{C8761CCA-7405-42B2-9C7E-6B6EB91E0265}"
EndProject
Project("{FAE04EC0-301F-11D3-BF4B-00C04F79EFBC}") = "ManagingElementSelection", "Working With jQuery\ManagingElementSelection\ManagingElementSelection.csproj", "{D28DD3C2-A617-4395-B490-B3623C974AFF}"
EndProject
Project("{FAE04EC0-301F-11D3-BF4B-00C04F79EFBC}") = "ManipulatingTheDom", "Working With jQuery\ManipulatingTheDom\ManipulatingTheDom.csproj", "{90DEBB8B-AED5-48A0-AE70-18C039CE063B}"
EndProject
Project("{FAE04EC0-301F-11D3-BF4B-00C04F79EFBC}") = "ManipulatingElements", "Working With jQuery\ManipulatingElements\ManipulatingElements.csproj", "{ABAB3D82-E0C8-4C6E-A645-660670376E00}"
EndProject
Project("{FAE04EC0-301F-11D3-BF4B-00C04F79EFBC}") = "Events", "Working With jQuery\Events\Events.csproj", "{C39A5C0F-8844-4136-A44E-3F82B7AFDE5C}"
EndProject
Project("{FAE04EC0-301F-11D3-BF4B-00C04F79EFBC}") = "Effects", "Working With jQuery\Effects\Effects.csproj", "{DADB2BE1-D888-4FF4-A435-9B159EB50CE8}"
EndProject
Project("{2150E333-8FDC-42A3-9474-1A3956D46DE8}") = "Working With Data And Ajax", "Working With Data And Ajax", "{40E0F218-561F-43FE-A820-D382A24BDD55}"
EndProject
Project("{FAE04EC0-301F-11D3-BF4B-00C04F79EFBC}") = "UsingDataTemplates", "Working With Data And Ajax\UsingDataTemplates\UsingDataTemplates.csproj", "{04033D98-BB5E-4281-B53A-BC50D832CA49}"
EndProject
Project("{FAE04EC0-301F-11D3-BF4B-00C04F79EFBC}") = "WorkingWithForms", "Working With Data And Ajax\WorkingWithForms\WorkingWithForms.csproj", "{55DD0A41-8E66-4990-8E96-88A4925837EA}"
EndProject
Project("{FAE04EC0-301F-11D3-BF4B-00C04F79EFBC}") = "UsingAjax.HighLevel", "Working With Data And Ajax\UsingAjax.HighLevel\UsingAjax.HighLevel.csproj", "{12FD49E4-585B-4C57-96DD-7815A4CEFBF7}"
EndProject
Project("{FAE04EC0-301F-11D3-BF4B-00C04F79EFBC}") = "UsingAjax.LowLevel", "Working With Data And Ajax\UsingAjax.LowLevel\UsingAjax.LowLevel.csproj", "{D2A9F908-106A-4D28-94A1-F5FC8829CCA5}"
EndProject
Project("{2150E333-8FDC-42A3-9474-1A3956D46DE8}") = "Using jQuery UI", "Using jQuery UI", "{22DA09DF-A9FC-443C-9189-F83212C98499}"
EndProject
Project("{FAE04EC0-301F-11D3-BF4B-00C04F79EFBC}") = "SettingUp", "Using jQuery UI\SettingUp\SettingUp.csproj", "{1158E03E-3D1B-47A0-95E1-121FCD3EDDED}"
EndProject
Project("{FAE04EC0-301F-11D3-BF4B-00C04F79EFBC}") = "Button.Widget", "Using jQuery UI\Button.Widget\Button.Widget.csproj", "{1E986E40-2621-4F87-ABD4-444CF3FBF48A}"
EndProject
Project("{FAE04EC0-301F-11D3-BF4B-00C04F79EFBC}") = "ProgressBar.Widget", "Using jQuery UI\ProgressBar.Widget\ProgressBar.Widget.csproj", "{C07BD86F-4654-407C-B235-35D974DDB43E}"
EndProject
Project("{FAE04EC0-301F-11D3-BF4B-00C04F79EFBC}") = "Slider.Widget", "Using jQuery UI\Slider.Widget\Slider.Widget.csproj", "{A27D5357-64BF-4E4E-8FC3-30D40683BA51}"
EndProject
Project("{FAE04EC0-301F-11D3-BF4B-00C04F79EFBC}") = "Autocomplete.Widget", "Using jQuery UI\Autocomplete.Widget\Autocomplete.Widget.csproj", "{402D7E61-165F-4F7E-A594-324BB3140129}"
EndProject
Project("{FAE04EC0-301F-11D3-BF4B-00C04F79EFBC}") = "Accordion.Widget", "Using jQuery UI\Accordion.Widget\Accordion.Widget.csproj", "{FE61C4C2-5236-4B67-83C4-E4AC3269780B}"
EndProject
Project("{FAE04EC0-301F-11D3-BF4B-00C04F79EFBC}") = "Tabs.Widget", "Using jQuery UI\Tabs.Widget\Tabs.Widget.csproj", "{2BB736B1-98F0-42D8-8EE6-DEB74E5820D1}"
EndProject
Project("{FAE04EC0-301F-11D3-BF4B-00C04F79EFBC}") = "Datepicker.Widget", "Using jQuery UI\Datepicker.Widget\Datepicker.Widget.csproj", "{CDB5417F-E582-4AC2-9361-226A19170384}"
EndProject
Project("{FAE04EC0-301F-11D3-BF4B-00C04F79EFBC}") = "AjaxFeatures", "+ Examples\AjaxFeatures\AjaxFeatures.csproj", "{253BE4C4-C7D3-4A51-BEEB-364439E6F230}"
EndProject
Project("{FAE04EC0-301F-11D3-BF4B-00C04F79EFBC}") = "Dialog.Widget", "Using jQuery UI\Dialog.Widget\Dialog.Widget.csproj", "{A05DC3FF-46E5-47A3-BC19-B07CE7BC9443}"
EndProject
Project("{FAE04EC0-301F-11D3-BF4B-00C04F79EFBC}") = "Spinner.Widget", "Using jQuery UI\Spinner.Widget\Spinner.Widget.csproj", "{11E81C90-1B2D-45E0-8F40-B3969A4E73D8}"
EndProject
Project("{FAE04EC0-301F-11D3-BF4B-00C04F79EFBC}") = "Menu.Widget", "Using jQuery UI\Menu.Widget\Menu.Widget.csproj", "{1D1239CA-3979-4420-90C5-3F3908A69088}"
EndProject
Project("{FAE04EC0-301F-11D3-BF4B-00C04F79EFBC}") = "Tooltip.Widget", "Using jQuery UI\Tooltip.Widget\Tooltip.Widget.csproj", "{F5434E7B-08BD-4B64-A620-E1CCC078C1E2}"
EndProject
Project("{FAE04EC0-301F-11D3-BF4B-00C04F79EFBC}") = "DnD.Interactions", "Using jQuery UI\DnD.Interactions\DnD.Interactions.csproj", "{3983404A-336F-4D45-ACCA-82D99CDC04AA}"
EndProject
Project("{FAE04EC0-301F-11D3-BF4B-00C04F79EFBC}") = "OtherInteractions", "Using jQuery UI\OtherInteractions\OtherInteractions.csproj", "{0DD37570-BB94-4F4D-B049-DEB5FD3D737A}"
EndProject
Project("{2150E333-8FDC-42A3-9474-1A3956D46DE8}") = "Using jQuery Mobile", "Using jQuery Mobile", "{2BFEC795-0DB1-40E1-A6F3-75A6766D9E7C}"
EndProject
Project("{FAE04EC0-301F-11D3-BF4B-00C04F79EFBC}") = "GettingStarted", "Using jQuery Mobile\GettingStarted\GettingStarted.csproj", "{1CE85AF5-6976-45DE-9AF5-DDD61DA17641}"
EndProject
Project("{FAE04EC0-301F-11D3-BF4B-00C04F79EFBC}") = "Widgets", "+ Examples\Widgets\Widgets.csproj", "{B93B3933-89F4-4093-9D53-3271B96C50B6}"
EndProject
Project("{2150E333-8FDC-42A3-9474-1A3956D46DE8}") = "Solution Items", "Solution Items", "{AA91A97C-BD9C-46A2-AF10-9525336E9391}"
	ProjectSection(SolutionItems) = preProject
		WebEssentials-Settings.json = WebEssentials-Settings.json
	EndProjectSection
EndProject
Project("{FAE04EC0-301F-11D3-BF4B-00C04F79EFBC}") = "Pages.Themes.Layouts", "Using jQuery Mobile\Pages.Themes.Layouts\Pages.Themes.Layouts.csproj", "{9C25890F-930F-4514-9D6A-84091C6FEDB3}"
EndProject
Project("{FAE04EC0-301F-11D3-BF4B-00C04F79EFBC}") = "Dialog.Popup", "Using jQuery Mobile\Dialog.Popup\Dialog.Popup.csproj", "{22BD16DE-2ACB-4698-91F1-48F40C82E994}"
EndProject
Project("{FAE04EC0-301F-11D3-BF4B-00C04F79EFBC}") = "Mobile.Forms", "Using jQuery Mobile\Mobile.Forms\Mobile.Forms.csproj", "{FD607F2B-6573-4BF2-8B4D-2D47FB57983D}"
EndProject
Project("{FAE04EC0-301F-11D3-BF4B-00C04F79EFBC}") = "Lists.Panels", "Using jQuery Mobile\Lists.Panels\Lists.Panels.csproj", "{4F4A571A-C5B1-4762-96DA-08A5B3128875}"
EndProject
Project("{FAE04EC0-301F-11D3-BF4B-00C04F79EFBC}") = "Buttons.CollapsibleBlocks", "Using jQuery Mobile\Buttons.CollapsibleBlocks\Buttons.CollapsibleBlocks.csproj", "{38B28A7F-0088-4516-9143-0D2C0A540F6B}"
EndProject
Project("{FAE04EC0-301F-11D3-BF4B-00C04F79EFBC}") = "Jquery.DeferredObjects", "Jquery.DeferredObjects\Jquery.DeferredObjects.csproj", "{07434BC0-FA7A-406E-B443-E1DE5BA11B5A}"
EndProject
Project("{FAE04EC0-301F-11D3-BF4B-00C04F79EFBC}") = "Jquery.UtilityMethods", "Jquery.UtilityMethods\Jquery.UtilityMethods.csproj", "{086D9F86-980F-4D63-A721-9FD662461539}"
EndProject
Project("{FAE04EC0-301F-11D3-BF4B-00C04F79EFBC}") = "Jquery.Ui.Effects", "Jquery.Ui.Effects\Jquery.Ui.Effects.csproj", "{FF2AA5D6-1F05-4BE7-A2EE-7F4FAA339914}"
EndProject
Project("{FAE04EC0-301F-11D3-BF4B-00C04F79EFBC}") = "MobileDevicesAdaptation", "+ Examples\MobileDevicesAdaptation\MobileDevicesAdaptation.csproj", "{91C8FA89-52BE-4171-B248-D97998939A51}"
EndProject
Global
	GlobalSection(SolutionConfigurationPlatforms) = preSolution
		Debug|Any CPU = Debug|Any CPU
		Release|Any CPU = Release|Any CPU
	EndGlobalSection
	GlobalSection(ProjectConfigurationPlatforms) = postSolution
		{93935D55-D271-4C01-861B-82B74223A407}.Debug|Any CPU.ActiveCfg = Debug|Any CPU
		{93935D55-D271-4C01-861B-82B74223A407}.Debug|Any CPU.Build.0 = Debug|Any CPU
		{93935D55-D271-4C01-861B-82B74223A407}.Release|Any CPU.ActiveCfg = Release|Any CPU
		{93935D55-D271-4C01-861B-82B74223A407}.Release|Any CPU.Build.0 = Release|Any CPU
		{A4F2089F-BBB8-4D2A-AF71-5EB3A6AFAC78}.Debug|Any CPU.ActiveCfg = Debug|Any CPU
		{A4F2089F-BBB8-4D2A-AF71-5EB3A6AFAC78}.Debug|Any CPU.Build.0 = Debug|Any CPU
		{A4F2089F-BBB8-4D2A-AF71-5EB3A6AFAC78}.Release|Any CPU.ActiveCfg = Release|Any CPU
		{A4F2089F-BBB8-4D2A-AF71-5EB3A6AFAC78}.Release|Any CPU.Build.0 = Release|Any CPU
		{6BB2752F-0D6F-4662-9A6A-1B1C2A9C81DC}.Debug|Any CPU.ActiveCfg = Debug|Any CPU
		{6BB2752F-0D6F-4662-9A6A-1B1C2A9C81DC}.Debug|Any CPU.Build.0 = Debug|Any CPU
		{6BB2752F-0D6F-4662-9A6A-1B1C2A9C81DC}.Release|Any CPU.ActiveCfg = Release|Any CPU
		{6BB2752F-0D6F-4662-9A6A-1B1C2A9C81DC}.Release|Any CPU.Build.0 = Release|Any CPU
		{74FAE5B4-0EB6-431D-94BC-235D721B2DB4}.Debug|Any CPU.ActiveCfg = Debug|Any CPU
		{74FAE5B4-0EB6-431D-94BC-235D721B2DB4}.Debug|Any CPU.Build.0 = Debug|Any CPU
		{74FAE5B4-0EB6-431D-94BC-235D721B2DB4}.Release|Any CPU.ActiveCfg = Release|Any CPU
		{74FAE5B4-0EB6-431D-94BC-235D721B2DB4}.Release|Any CPU.Build.0 = Release|Any CPU
		{3737AB14-DA8B-454A-8F9E-E418E921A189}.Debug|Any CPU.ActiveCfg = Debug|Any CPU
		{3737AB14-DA8B-454A-8F9E-E418E921A189}.Debug|Any CPU.Build.0 = Debug|Any CPU
		{3737AB14-DA8B-454A-8F9E-E418E921A189}.Release|Any CPU.ActiveCfg = Release|Any CPU
		{3737AB14-DA8B-454A-8F9E-E418E921A189}.Release|Any CPU.Build.0 = Release|Any CPU
		{C8761CCA-7405-42B2-9C7E-6B6EB91E0265}.Debug|Any CPU.ActiveCfg = Debug|Any CPU
		{C8761CCA-7405-42B2-9C7E-6B6EB91E0265}.Debug|Any CPU.Build.0 = Debug|Any CPU
		{C8761CCA-7405-42B2-9C7E-6B6EB91E0265}.Release|Any CPU.ActiveCfg = Release|Any CPU
		{C8761CCA-7405-42B2-9C7E-6B6EB91E0265}.Release|Any CPU.Build.0 = Release|Any CPU
		{D28DD3C2-A617-4395-B490-B3623C974AFF}.Debug|Any CPU.ActiveCfg = Debug|Any CPU
		{D28DD3C2-A617-4395-B490-B3623C974AFF}.Debug|Any CPU.Build.0 = Debug|Any CPU
		{D28DD3C2-A617-4395-B490-B3623C974AFF}.Release|Any CPU.ActiveCfg = Release|Any CPU
		{D28DD3C2-A617-4395-B490-B3623C974AFF}.Release|Any CPU.Build.0 = Release|Any CPU
		{90DEBB8B-AED5-48A0-AE70-18C039CE063B}.Debug|Any CPU.ActiveCfg = Debug|Any CPU
		{90DEBB8B-AED5-48A0-AE70-18C039CE063B}.Debug|Any CPU.Build.0 = Debug|Any CPU
		{90DEBB8B-AED5-48A0-AE70-18C039CE063B}.Release|Any CPU.ActiveCfg = Release|Any CPU
		{90DEBB8B-AED5-48A0-AE70-18C039CE063B}.Release|Any CPU.Build.0 = Release|Any CPU
		{ABAB3D82-E0C8-4C6E-A645-660670376E00}.Debug|Any CPU.ActiveCfg = Debug|Any CPU
		{ABAB3D82-E0C8-4C6E-A645-660670376E00}.Debug|Any CPU.Build.0 = Debug|Any CPU
		{ABAB3D82-E0C8-4C6E-A645-660670376E00}.Release|Any CPU.ActiveCfg = Release|Any CPU
		{ABAB3D82-E0C8-4C6E-A645-660670376E00}.Release|Any CPU.Build.0 = Release|Any CPU
		{C39A5C0F-8844-4136-A44E-3F82B7AFDE5C}.Debug|Any CPU.ActiveCfg = Debug|Any CPU
		{C39A5C0F-8844-4136-A44E-3F82B7AFDE5C}.Debug|Any CPU.Build.0 = Debug|Any CPU
		{C39A5C0F-8844-4136-A44E-3F82B7AFDE5C}.Release|Any CPU.ActiveCfg = Release|Any CPU
		{C39A5C0F-8844-4136-A44E-3F82B7AFDE5C}.Release|Any CPU.Build.0 = Release|Any CPU
		{DADB2BE1-D888-4FF4-A435-9B159EB50CE8}.Debug|Any CPU.ActiveCfg = Debug|Any CPU
		{DADB2BE1-D888-4FF4-A435-9B159EB50CE8}.Debug|Any CPU.Build.0 = Debug|Any CPU
		{DADB2BE1-D888-4FF4-A435-9B159EB50CE8}.Release|Any CPU.ActiveCfg = Release|Any CPU
		{DADB2BE1-D888-4FF4-A435-9B159EB50CE8}.Release|Any CPU.Build.0 = Release|Any CPU
		{04033D98-BB5E-4281-B53A-BC50D832CA49}.Debug|Any CPU.ActiveCfg = Debug|Any CPU
		{04033D98-BB5E-4281-B53A-BC50D832CA49}.Debug|Any CPU.Build.0 = Debug|Any CPU
		{04033D98-BB5E-4281-B53A-BC50D832CA49}.Release|Any CPU.ActiveCfg = Release|Any CPU
		{04033D98-BB5E-4281-B53A-BC50D832CA49}.Release|Any CPU.Build.0 = Release|Any CPU
		{55DD0A41-8E66-4990-8E96-88A4925837EA}.Debug|Any CPU.ActiveCfg = Debug|Any CPU
		{55DD0A41-8E66-4990-8E96-88A4925837EA}.Debug|Any CPU.Build.0 = Debug|Any CPU
		{55DD0A41-8E66-4990-8E96-88A4925837EA}.Release|Any CPU.ActiveCfg = Release|Any CPU
		{55DD0A41-8E66-4990-8E96-88A4925837EA}.Release|Any CPU.Build.0 = Release|Any CPU
		{12FD49E4-585B-4C57-96DD-7815A4CEFBF7}.Debug|Any CPU.ActiveCfg = Debug|Any CPU
		{12FD49E4-585B-4C57-96DD-7815A4CEFBF7}.Debug|Any CPU.Build.0 = Debug|Any CPU
		{12FD49E4-585B-4C57-96DD-7815A4CEFBF7}.Release|Any CPU.ActiveCfg = Release|Any CPU
		{12FD49E4-585B-4C57-96DD-7815A4CEFBF7}.Release|Any CPU.Build.0 = Release|Any CPU
		{D2A9F908-106A-4D28-94A1-F5FC8829CCA5}.Debug|Any CPU.ActiveCfg = Debug|Any CPU
		{D2A9F908-106A-4D28-94A1-F5FC8829CCA5}.Debug|Any CPU.Build.0 = Debug|Any CPU
		{D2A9F908-106A-4D28-94A1-F5FC8829CCA5}.Release|Any CPU.ActiveCfg = Release|Any CPU
		{D2A9F908-106A-4D28-94A1-F5FC8829CCA5}.Release|Any CPU.Build.0 = Release|Any CPU
		{1158E03E-3D1B-47A0-95E1-121FCD3EDDED}.Debug|Any CPU.ActiveCfg = Debug|Any CPU
		{1158E03E-3D1B-47A0-95E1-121FCD3EDDED}.Debug|Any CPU.Build.0 = Debug|Any CPU
		{1158E03E-3D1B-47A0-95E1-121FCD3EDDED}.Release|Any CPU.ActiveCfg = Release|Any CPU
		{1158E03E-3D1B-47A0-95E1-121FCD3EDDED}.Release|Any CPU.Build.0 = Release|Any CPU
		{1E986E40-2621-4F87-ABD4-444CF3FBF48A}.Debug|Any CPU.ActiveCfg = Debug|Any CPU
		{1E986E40-2621-4F87-ABD4-444CF3FBF48A}.Debug|Any CPU.Build.0 = Debug|Any CPU
		{1E986E40-2621-4F87-ABD4-444CF3FBF48A}.Release|Any CPU.ActiveCfg = Release|Any CPU
		{1E986E40-2621-4F87-ABD4-444CF3FBF48A}.Release|Any CPU.Build.0 = Release|Any CPU
		{C07BD86F-4654-407C-B235-35D974DDB43E}.Debug|Any CPU.ActiveCfg = Debug|Any CPU
		{C07BD86F-4654-407C-B235-35D974DDB43E}.Debug|Any CPU.Build.0 = Debug|Any CPU
		{C07BD86F-4654-407C-B235-35D974DDB43E}.Release|Any CPU.ActiveCfg = Release|Any CPU
		{C07BD86F-4654-407C-B235-35D974DDB43E}.Release|Any CPU.Build.0 = Release|Any CPU
		{A27D5357-64BF-4E4E-8FC3-30D40683BA51}.Debug|Any CPU.ActiveCfg = Debug|Any CPU
		{A27D5357-64BF-4E4E-8FC3-30D40683BA51}.Debug|Any CPU.Build.0 = Debug|Any CPU
		{A27D5357-64BF-4E4E-8FC3-30D40683BA51}.Release|Any CPU.ActiveCfg = Release|Any CPU
		{A27D5357-64BF-4E4E-8FC3-30D40683BA51}.Release|Any CPU.Build.0 = Release|Any CPU
		{402D7E61-165F-4F7E-A594-324BB3140129}.Debug|Any CPU.ActiveCfg = Debug|Any CPU
		{402D7E61-165F-4F7E-A594-324BB3140129}.Debug|Any CPU.Build.0 = Debug|Any CPU
		{402D7E61-165F-4F7E-A594-324BB3140129}.Release|Any CPU.ActiveCfg = Release|Any CPU
		{402D7E61-165F-4F7E-A594-324BB3140129}.Release|Any CPU.Build.0 = Release|Any CPU
		{FE61C4C2-5236-4B67-83C4-E4AC3269780B}.Debug|Any CPU.ActiveCfg = Debug|Any CPU
		{FE61C4C2-5236-4B67-83C4-E4AC3269780B}.Debug|Any CPU.Build.0 = Debug|Any CPU
		{FE61C4C2-5236-4B67-83C4-E4AC3269780B}.Release|Any CPU.ActiveCfg = Release|Any CPU
		{FE61C4C2-5236-4B67-83C4-E4AC3269780B}.Release|Any CPU.Build.0 = Release|Any CPU
		{2BB736B1-98F0-42D8-8EE6-DEB74E5820D1}.Debug|Any CPU.ActiveCfg = Debug|Any CPU
		{2BB736B1-98F0-42D8-8EE6-DEB74E5820D1}.Debug|Any CPU.Build.0 = Debug|Any CPU
		{2BB736B1-98F0-42D8-8EE6-DEB74E5820D1}.Release|Any CPU.ActiveCfg = Release|Any CPU
		{2BB736B1-98F0-42D8-8EE6-DEB74E5820D1}.Release|Any CPU.Build.0 = Release|Any CPU
		{CDB5417F-E582-4AC2-9361-226A19170384}.Debug|Any CPU.ActiveCfg = Debug|Any CPU
		{CDB5417F-E582-4AC2-9361-226A19170384}.Debug|Any CPU.Build.0 = Debug|Any CPU
		{CDB5417F-E582-4AC2-9361-226A19170384}.Release|Any CPU.ActiveCfg = Release|Any CPU
		{CDB5417F-E582-4AC2-9361-226A19170384}.Release|Any CPU.Build.0 = Release|Any CPU
		{253BE4C4-C7D3-4A51-BEEB-364439E6F230}.Debug|Any CPU.ActiveCfg = Debug|Any CPU
		{253BE4C4-C7D3-4A51-BEEB-364439E6F230}.Debug|Any CPU.Build.0 = Debug|Any CPU
		{253BE4C4-C7D3-4A51-BEEB-364439E6F230}.Release|Any CPU.ActiveCfg = Release|Any CPU
		{253BE4C4-C7D3-4A51-BEEB-364439E6F230}.Release|Any CPU.Build.0 = Release|Any CPU
		{A05DC3FF-46E5-47A3-BC19-B07CE7BC9443}.Debug|Any CPU.ActiveCfg = Debug|Any CPU
		{A05DC3FF-46E5-47A3-BC19-B07CE7BC9443}.Debug|Any CPU.Build.0 = Debug|Any CPU
		{A05DC3FF-46E5-47A3-BC19-B07CE7BC9443}.Release|Any CPU.ActiveCfg = Release|Any CPU
		{A05DC3FF-46E5-47A3-BC19-B07CE7BC9443}.Release|Any CPU.Build.0 = Release|Any CPU
		{11E81C90-1B2D-45E0-8F40-B3969A4E73D8}.Debug|Any CPU.ActiveCfg = Debug|Any CPU
		{11E81C90-1B2D-45E0-8F40-B3969A4E73D8}.Debug|Any CPU.Build.0 = Debug|Any CPU
		{11E81C90-1B2D-45E0-8F40-B3969A4E73D8}.Release|Any CPU.ActiveCfg = Release|Any CPU
		{11E81C90-1B2D-45E0-8F40-B3969A4E73D8}.Release|Any CPU.Build.0 = Release|Any CPU
		{1D1239CA-3979-4420-90C5-3F3908A69088}.Debug|Any CPU.ActiveCfg = Debug|Any CPU
		{1D1239CA-3979-4420-90C5-3F3908A69088}.Debug|Any CPU.Build.0 = Debug|Any CPU
		{1D1239CA-3979-4420-90C5-3F3908A69088}.Release|Any CPU.ActiveCfg = Release|Any CPU
		{1D1239CA-3979-4420-90C5-3F3908A69088}.Release|Any CPU.Build.0 = Release|Any CPU
		{F5434E7B-08BD-4B64-A620-E1CCC078C1E2}.Debug|Any CPU.ActiveCfg = Debug|Any CPU
		{F5434E7B-08BD-4B64-A620-E1CCC078C1E2}.Debug|Any CPU.Build.0 = Debug|Any CPU
		{F5434E7B-08BD-4B64-A620-E1CCC078C1E2}.Release|Any CPU.ActiveCfg = Release|Any CPU
		{F5434E7B-08BD-4B64-A620-E1CCC078C1E2}.Release|Any CPU.Build.0 = Release|Any CPU
		{3983404A-336F-4D45-ACCA-82D99CDC04AA}.Debug|Any CPU.ActiveCfg = Debug|Any CPU
		{3983404A-336F-4D45-ACCA-82D99CDC04AA}.Debug|Any CPU.Build.0 = Debug|Any CPU
		{3983404A-336F-4D45-ACCA-82D99CDC04AA}.Release|Any CPU.ActiveCfg = Release|Any CPU
		{3983404A-336F-4D45-ACCA-82D99CDC04AA}.Release|Any CPU.Build.0 = Release|Any CPU
		{0DD37570-BB94-4F4D-B049-DEB5FD3D737A}.Debug|Any CPU.ActiveCfg = Debug|Any CPU
		{0DD37570-BB94-4F4D-B049-DEB5FD3D737A}.Debug|Any CPU.Build.0 = Debug|Any CPU
		{0DD37570-BB94-4F4D-B049-DEB5FD3D737A}.Release|Any CPU.ActiveCfg = Release|Any CPU
		{0DD37570-BB94-4F4D-B049-DEB5FD3D737A}.Release|Any CPU.Build.0 = Release|Any CPU
		{1CE85AF5-6976-45DE-9AF5-DDD61DA17641}.Debug|Any CPU.ActiveCfg = Debug|Any CPU
		{1CE85AF5-6976-45DE-9AF5-DDD61DA17641}.Debug|Any CPU.Build.0 = Debug|Any CPU
		{1CE85AF5-6976-45DE-9AF5-DDD61DA17641}.Release|Any CPU.ActiveCfg = Release|Any CPU
		{1CE85AF5-6976-45DE-9AF5-DDD61DA17641}.Release|Any CPU.Build.0 = Release|Any CPU
		{B93B3933-89F4-4093-9D53-3271B96C50B6}.Debug|Any CPU.ActiveCfg = Debug|Any CPU
		{B93B3933-89F4-4093-9D53-3271B96C50B6}.Debug|Any CPU.Build.0 = Debug|Any CPU
		{B93B3933-89F4-4093-9D53-3271B96C50B6}.Release|Any CPU.ActiveCfg = Release|Any CPU
		{B93B3933-89F4-4093-9D53-3271B96C50B6}.Release|Any CPU.Build.0 = Release|Any CPU
		{9C25890F-930F-4514-9D6A-84091C6FEDB3}.Debug|Any CPU.ActiveCfg = Debug|Any CPU
		{9C25890F-930F-4514-9D6A-84091C6FEDB3}.Debug|Any CPU.Build.0 = Debug|Any CPU
		{9C25890F-930F-4514-9D6A-84091C6FEDB3}.Release|Any CPU.ActiveCfg = Release|Any CPU
		{9C25890F-930F-4514-9D6A-84091C6FEDB3}.Release|Any CPU.Build.0 = Release|Any CPU
		{22BD16DE-2ACB-4698-91F1-48F40C82E994}.Debug|Any CPU.ActiveCfg = Debug|Any CPU
		{22BD16DE-2ACB-4698-91F1-48F40C82E994}.Debug|Any CPU.Build.0 = Debug|Any CPU
		{22BD16DE-2ACB-4698-91F1-48F40C82E994}.Release|Any CPU.ActiveCfg = Release|Any CPU
		{22BD16DE-2ACB-4698-91F1-48F40C82E994}.Release|Any CPU.Build.0 = Release|Any CPU
		{FD607F2B-6573-4BF2-8B4D-2D47FB57983D}.Debug|Any CPU.ActiveCfg = Debug|Any CPU
		{FD607F2B-6573-4BF2-8B4D-2D47FB57983D}.Debug|Any CPU.Build.0 = Debug|Any CPU
		{FD607F2B-6573-4BF2-8B4D-2D47FB57983D}.Release|Any CPU.ActiveCfg = Release|Any CPU
		{FD607F2B-6573-4BF2-8B4D-2D47FB57983D}.Release|Any CPU.Build.0 = Release|Any CPU
		{4F4A571A-C5B1-4762-96DA-08A5B3128875}.Debug|Any CPU.ActiveCfg = Debug|Any CPU
		{4F4A571A-C5B1-4762-96DA-08A5B3128875}.Debug|Any CPU.Build.0 = Debug|Any CPU
		{4F4A571A-C5B1-4762-96DA-08A5B3128875}.Release|Any CPU.ActiveCfg = Release|Any CPU
		{4F4A571A-C5B1-4762-96DA-08A5B3128875}.Release|Any CPU.Build.0 = Release|Any CPU
		{38B28A7F-0088-4516-9143-0D2C0A540F6B}.Debug|Any CPU.ActiveCfg = Debug|Any CPU
		{38B28A7F-0088-4516-9143-0D2C0A540F6B}.Debug|Any CPU.Build.0 = Debug|Any CPU
		{38B28A7F-0088-4516-9143-0D2C0A540F6B}.Release|Any CPU.ActiveCfg = Release|Any CPU
		{38B28A7F-0088-4516-9143-0D2C0A540F6B}.Release|Any CPU.Build.0 = Release|Any CPU
		{07434BC0-FA7A-406E-B443-E1DE5BA11B5A}.Debug|Any CPU.ActiveCfg = Debug|Any CPU
		{07434BC0-FA7A-406E-B443-E1DE5BA11B5A}.Debug|Any CPU.Build.0 = Debug|Any CPU
		{07434BC0-FA7A-406E-B443-E1DE5BA11B5A}.Release|Any CPU.ActiveCfg = Release|Any CPU
		{07434BC0-FA7A-406E-B443-E1DE5BA11B5A}.Release|Any CPU.Build.0 = Release|Any CPU
		{086D9F86-980F-4D63-A721-9FD662461539}.Debug|Any CPU.ActiveCfg = Debug|Any CPU
		{086D9F86-980F-4D63-A721-9FD662461539}.Debug|Any CPU.Build.0 = Debug|Any CPU
		{086D9F86-980F-4D63-A721-9FD662461539}.Release|Any CPU.ActiveCfg = Release|Any CPU
		{086D9F86-980F-4D63-A721-9FD662461539}.Release|Any CPU.Build.0 = Release|Any CPU
		{FF2AA5D6-1F05-4BE7-A2EE-7F4FAA339914}.Debug|Any CPU.ActiveCfg = Debug|Any CPU
		{FF2AA5D6-1F05-4BE7-A2EE-7F4FAA339914}.Debug|Any CPU.Build.0 = Debug|Any CPU
		{FF2AA5D6-1F05-4BE7-A2EE-7F4FAA339914}.Release|Any CPU.ActiveCfg = Release|Any CPU
		{FF2AA5D6-1F05-4BE7-A2EE-7F4FAA339914}.Release|Any CPU.Build.0 = Release|Any CPU
		{91C8FA89-52BE-4171-B248-D97998939A51}.Debug|Any CPU.ActiveCfg = Debug|Any CPU
		{91C8FA89-52BE-4171-B248-D97998939A51}.Debug|Any CPU.Build.0 = Debug|Any CPU
		{91C8FA89-52BE-4171-B248-D97998939A51}.Release|Any CPU.ActiveCfg = Release|Any CPU
		{91C8FA89-52BE-4171-B248-D97998939A51}.Release|Any CPU.Build.0 = Release|Any CPU
	EndGlobalSection
	GlobalSection(SolutionProperties) = preSolution
		HideSolutionNode = FALSE
	EndGlobalSection
	GlobalSection(NestedProjects) = preSolution
		{93935D55-D271-4C01-861B-82B74223A407} = {11B4BBFA-7A29-424B-8068-B33E57CC123E}
		{A4F2089F-BBB8-4D2A-AF71-5EB3A6AFAC78} = {0D2C9FC8-6E1A-48ED-A24B-1B67529DB486}
		{6BB2752F-0D6F-4662-9A6A-1B1C2A9C81DC} = {0D2C9FC8-6E1A-48ED-A24B-1B67529DB486}
		{74FAE5B4-0EB6-431D-94BC-235D721B2DB4} = {0D2C9FC8-6E1A-48ED-A24B-1B67529DB486}
		{3737AB14-DA8B-454A-8F9E-E418E921A189} = {0D2C9FC8-6E1A-48ED-A24B-1B67529DB486}
		{C8761CCA-7405-42B2-9C7E-6B6EB91E0265} = {36CC6C12-232A-4A83-89F5-2C4ADA5C11EF}
		{D28DD3C2-A617-4395-B490-B3623C974AFF} = {36CC6C12-232A-4A83-89F5-2C4ADA5C11EF}
		{90DEBB8B-AED5-48A0-AE70-18C039CE063B} = {36CC6C12-232A-4A83-89F5-2C4ADA5C11EF}
		{ABAB3D82-E0C8-4C6E-A645-660670376E00} = {36CC6C12-232A-4A83-89F5-2C4ADA5C11EF}
		{C39A5C0F-8844-4136-A44E-3F82B7AFDE5C} = {36CC6C12-232A-4A83-89F5-2C4ADA5C11EF}
		{DADB2BE1-D888-4FF4-A435-9B159EB50CE8} = {36CC6C12-232A-4A83-89F5-2C4ADA5C11EF}
		{04033D98-BB5E-4281-B53A-BC50D832CA49} = {40E0F218-561F-43FE-A820-D382A24BDD55}
		{55DD0A41-8E66-4990-8E96-88A4925837EA} = {40E0F218-561F-43FE-A820-D382A24BDD55}
		{12FD49E4-585B-4C57-96DD-7815A4CEFBF7} = {40E0F218-561F-43FE-A820-D382A24BDD55}
		{D2A9F908-106A-4D28-94A1-F5FC8829CCA5} = {40E0F218-561F-43FE-A820-D382A24BDD55}
		{1158E03E-3D1B-47A0-95E1-121FCD3EDDED} = {22DA09DF-A9FC-443C-9189-F83212C98499}
		{1E986E40-2621-4F87-ABD4-444CF3FBF48A} = {22DA09DF-A9FC-443C-9189-F83212C98499}
		{C07BD86F-4654-407C-B235-35D974DDB43E} = {22DA09DF-A9FC-443C-9189-F83212C98499}
		{A27D5357-64BF-4E4E-8FC3-30D40683BA51} = {22DA09DF-A9FC-443C-9189-F83212C98499}
		{402D7E61-165F-4F7E-A594-324BB3140129} = {22DA09DF-A9FC-443C-9189-F83212C98499}
		{FE61C4C2-5236-4B67-83C4-E4AC3269780B} = {22DA09DF-A9FC-443C-9189-F83212C98499}
		{2BB736B1-98F0-42D8-8EE6-DEB74E5820D1} = {22DA09DF-A9FC-443C-9189-F83212C98499}
		{CDB5417F-E582-4AC2-9361-226A19170384} = {22DA09DF-A9FC-443C-9189-F83212C98499}
		{253BE4C4-C7D3-4A51-BEEB-364439E6F230} = {11B4BBFA-7A29-424B-8068-B33E57CC123E}
		{A05DC3FF-46E5-47A3-BC19-B07CE7BC9443} = {22DA09DF-A9FC-443C-9189-F83212C98499}
		{11E81C90-1B2D-45E0-8F40-B3969A4E73D8} = {22DA09DF-A9FC-443C-9189-F83212C98499}
		{1D1239CA-3979-4420-90C5-3F3908A69088} = {22DA09DF-A9FC-443C-9189-F83212C98499}
		{F5434E7B-08BD-4B64-A620-E1CCC078C1E2} = {22DA09DF-A9FC-443C-9189-F83212C98499}
		{3983404A-336F-4D45-ACCA-82D99CDC04AA} = {22DA09DF-A9FC-443C-9189-F83212C98499}
		{0DD37570-BB94-4F4D-B049-DEB5FD3D737A} = {22DA09DF-A9FC-443C-9189-F83212C98499}
		{1CE85AF5-6976-45DE-9AF5-DDD61DA17641} = {2BFEC795-0DB1-40E1-A6F3-75A6766D9E7C}
		{B93B3933-89F4-4093-9D53-3271B96C50B6} = {11B4BBFA-7A29-424B-8068-B33E57CC123E}
		{9C25890F-930F-4514-9D6A-84091C6FEDB3} = {2BFEC795-0DB1-40E1-A6F3-75A6766D9E7C}
		{22BD16DE-2ACB-4698-91F1-48F40C82E994} = {2BFEC795-0DB1-40E1-A6F3-75A6766D9E7C}
		{FD607F2B-6573-4BF2-8B4D-2D47FB57983D} = {2BFEC795-0DB1-40E1-A6F3-75A6766D9E7C}
		{4F4A571A-C5B1-4762-96DA-08A5B3128875} = {2BFEC795-0DB1-40E1-A6F3-75A6766D9E7C}
		{38B28A7F-0088-4516-9143-0D2C0A540F6B} = {2BFEC795-0DB1-40E1-A6F3-75A6766D9E7C}
		{91C8FA89-52BE-4171-B248-D97998939A51} = {11B4BBFA-7A29-424B-8068-B33E57CC123E}
	EndGlobalSection
EndGlobal
