
Microsoft Visual Studio Solution File, Format Version 12.00
# Visual Studio 2012
Project("{FAE04EC0-301F-11D3-BF4B-00C04F79EFBC}") = "TypeScriptSuccinctly", "TypeScriptSuccinctly\TypeScriptSuccinctly.csproj", "{F4179BB5-03C1-40BD-A31C-C645F236DFE9}"
EndProject
Project("{FAE04EC0-301F-11D3-BF4B-00C04F79EFBC}") = "UnitTestProject1", "UnitTestProject1\UnitTestProject1.csproj", "{7C85777E-8661-4F4B-8297-A7A86087D936}"
EndProject
Project("{FAE04EC0-301F-11D3-BF4B-00C04F79EFBC}") = "TypeScriptUtilities", "TypeScriptUtilities\TypeScriptUtilities.csproj", "{DBD31508-4633-4E2F-82F6-068DA8678264}"
EndProject
Global
	GlobalSection(SolutionConfigurationPlatforms) = preSolution
		Debug|Any CPU = Debug|Any CPU
		Release|Any CPU = Release|Any CPU
	EndGlobalSection
	GlobalSection(ProjectConfigurationPlatforms) = postSolution
		{F4179BB5-03C1-40BD-A31C-C645F236DFE9}.Debug|Any CPU.ActiveCfg = Release|Any CPU
		{F4179BB5-03C1-40BD-A31C-C645F236DFE9}.Debug|Any CPU.Build.0 = Release|Any CPU
		{F4179BB5-03C1-40BD-A31C-C645F236DFE9}.Release|Any CPU.ActiveCfg = Release|Any CPU
		{F4179BB5-03C1-40BD-A31C-C645F236DFE9}.Release|Any CPU.Build.0 = Release|Any CPU
		{7C85777E-8661-4F4B-8297-A7A86087D936}.Debug|Any CPU.ActiveCfg = Debug|Any CPU
		{7C85777E-8661-4F4B-8297-A7A86087D936}.Debug|Any CPU.Build.0 = Debug|Any CPU
		{7C85777E-8661-4F4B-8297-A7A86087D936}.Release|Any CPU.ActiveCfg = Release|Any CPU
		{7C85777E-8661-4F4B-8297-A7A86087D936}.Release|Any CPU.Build.0 = Release|Any CPU
		{DBD31508-4633-4E2F-82F6-068DA8678264}.Debug|Any CPU.ActiveCfg = Release|Any CPU
		{DBD31508-4633-4E2F-82F6-068DA8678264}.Debug|Any CPU.Build.0 = Release|Any CPU
		{DBD31508-4633-4E2F-82F6-068DA8678264}.Release|Any CPU.ActiveCfg = Release|Any CPU
		{DBD31508-4633-4E2F-82F6-068DA8678264}.Release|Any CPU.Build.0 = Release|Any CPU
	EndGlobalSection
	GlobalSection(SolutionProperties) = preSolution
		HideSolutionNode = FALSE
	EndGlobalSection
EndGlobal
